version = 1
revision = 3
requires-python = ">=3.9"

[[package]]
name = "pydot"
version = "4.0.1"
source = { registry = "https://pypi.org/simple" }
dependencies = [
    { name = "pyparsing" },
]
sdist = { url = "https://files.pythonhosted.org/packages/50/35/b17cb89ff865484c6a20ef46bf9d95a5f07328292578de0b295f4a6beec2/pydot-4.0.1.tar.gz", hash = "sha256:c2148f681c4a33e08bf0e26a9e5f8e4099a82e0e2a068098f32ce86577364ad5", size = 162594, upload-time = "2025-06-17T20:09:56.454Z" }
wheels = [
    { url = "https://files.pythonhosted.org/packages/7e/32/a7125fb28c4261a627f999d5fb4afff25b523800faed2c30979949d6facd/pydot-4.0.1-py3-none-any.whl", hash = "sha256:869c0efadd2708c0be1f916eb669f3d664ca684bc57ffb7ecc08e70d5e93fee6", size = 37087, upload-time = "2025-06-17T20:09:55.25Z" },
]

[[package]]
name = "pyparsing"
version = "3.2.5"
source = { registry = "https://pypi.org/simple" }
sdist = { url = "https://files.pythonhosted.org/packages/f2/a5/181488fc2b9d093e3972d2a472855aae8a03f000592dbfce716a512b3359/pyparsing-3.2.5.tar.gz", hash = "sha256:2df8d5b7b2802ef88e8d016a2eb9c7aeaa923529cd251ed0fe4608275d4105b6", size = 1099274, upload-time = "2025-09-21T04:11:06.277Z" }
wheels = [
    { url = "https://files.pythonhosted.org/packages/10/5e/1aa9a93198c6b64513c9d7752de7422c06402de6600a8767da1524f9570b/pyparsing-3.2.5-py3-none-any.whl", hash = "sha256:e38a4f02064cf41fe6593d328d0512495ad1f3d8a91c4f73fc401b3079a59a5e", size = 113890, upload-time = "2025-09-21T04:11:04.117Z" },
]

[[package]]
name = "python-server-machine"
version = "0.1.0"
source = { virtual = "." }
dependencies = [
    { name = "pydot" },
    { name = "python-statemachine" },
]

[package.metadata]
requires-dist = [
    { name = "pydot", specifier = ">=4.0.1" },
    { name = "python-statemachine", specifier = "==2.5.0" },
]

[[package]]
name = "python-statemachine"
version = "2.5.0"
source = { registry = "https://pypi.org/simple" }
sdist = { url = "https://files.pythonhosted.org/packages/45/91/4f05f3931d1e9b1df71b17dc08c43feddf2bed7dbf13f95323df2cc8e340/python_statemachine-2.5.0.tar.gz", hash = "sha256:ae88cd22e47930b92b983a2176e61d811e571b69897be2568ec812c2885fb93a", size = 403718, upload-time = "2024-12-03T17:58:49.833Z" }
wheels = [
    { url = "https://files.pythonhosted.org/packages/bf/2d/1c95ebe84df60d630f8e855d1df2c66368805444ac167e9b50f29eabe917/python_statemachine-2.5.0-py3-none-any.whl", hash = "sha256:0ed53846802c17037fcb2a92323f4bc0c833290fa9d17a3587c50886c1541e62", size = 50415, upload-time = "2024-12-03T17:58:47.375Z" },
]
